// !$*UTF8*$!
{
	archiveVersion = 1;
	classes = {
	};
	objectVersion = 50;
	objects = {

/* Begin PBXBuildFile section */
		C31FC98326E7E4E900077903 /* WallNode.swift in Sources */ = {isa = PBXBuildFile; fileRef = C31FC98226E7E4E900077903 /* WallNode.swift */; };
		C31FC98626E7FF2D00077903 /* Enemy.swift in Sources */ = {isa = PBXBuildFile; fileRef = C31FC98526E7FF2D00077903 /* Enemy.swift */; };
		C37A952E26E3A90D008A2BF8 /* AppDelegate.swift in Sources */ = {isa = PBXBuildFile; fileRef = C37A952D26E3A90D008A2BF8 /* AppDelegate.swift */; };
		C37A953426E3A90D008A2BF8 /* GameScene.swift in Sources */ = {isa = PBXBuildFile; fileRef = C37A953326E3A90D008A2BF8 /* GameScene.swift */; };
		C37A953626E3A90D008A2BF8 /* ViewController.swift in Sources */ = {isa = PBXBuildFile; fileRef = C37A953526E3A90D008A2BF8 /* ViewController.swift */; };
		C37A953826E3A90F008A2BF8 /* Assets.xcassets in Resources */ = {isa = PBXBuildFile; fileRef = C37A953726E3A90F008A2BF8 /* Assets.xcassets */; };
		C37A953B26E3A90F008A2BF8 /* Main.storyboard in Resources */ = {isa = PBXBuildFile; fileRef = C37A953926E3A90F008A2BF8 /* Main.storyboard */; };
		C37A954626E3AD42008A2BF8 /* AnotherScene.swift in Sources */ = {isa = PBXBuildFile; fileRef = C37A954526E3AD42008A2BF8 /* AnotherScene.swift */; };
		C37A954E26E3D799008A2BF8 /* Constants.swift in Sources */ = {isa = PBXBuildFile; fileRef = C37A954D26E3D799008A2BF8 /* Constants.swift */; };
		C37A955126E3DFD6008A2BF8 /* Levels.swift in Sources */ = {isa = PBXBuildFile; fileRef = C37A955026E3DFD6008A2BF8 /* Levels.swift */; };
		C37A955726E4B64A008A2BF8 /* Bullet.swift in Sources */ = {isa = PBXBuildFile; fileRef = C37A955626E4B64A008A2BF8 /* Bullet.swift */; };
		C37A955A26E4BE99008A2BF8 /* Player.swift in Sources */ = {isa = PBXBuildFile; fileRef = C37A955926E4BE99008A2BF8 /* Player.swift */; };
		C37A955E26E4DDED008A2BF8 /* Base.swift in Sources */ = {isa = PBXBuildFile; fileRef = C37A955D26E4DDED008A2BF8 /* Base.swift */; };
		C37A956526E4E08A008A2BF8 /* GameZone.swift in Sources */ = {isa = PBXBuildFile; fileRef = C37A956426E4E08A008A2BF8 /* GameZone.swift */; };
		C37F331126EE9937009BC372 /* Utils.swift in Sources */ = {isa = PBXBuildFile; fileRef = C37F331026EE9937009BC372 /* Utils.swift */; };
/* End PBXBuildFile section */

/* Begin PBXFileReference section */
		C31FC98226E7E4E900077903 /* WallNode.swift */ = {isa = PBXFileReference; lastKnownFileType = sourcecode.swift; path = WallNode.swift; sourceTree = "<group>"; };
		C31FC98526E7FF2D00077903 /* Enemy.swift */ = {isa = PBXFileReference; lastKnownFileType = sourcecode.swift; path = Enemy.swift; sourceTree = "<group>"; };
		C37A952A26E3A90D008A2BF8 /* BattleCity.app */ = {isa = PBXFileReference; explicitFileType = wrapper.application; includeInIndex = 0; path = BattleCity.app; sourceTree = BUILT_PRODUCTS_DIR; };
		C37A952D26E3A90D008A2BF8 /* AppDelegate.swift */ = {isa = PBXFileReference; lastKnownFileType = sourcecode.swift; path = AppDelegate.swift; sourceTree = "<group>"; };
		C37A953326E3A90D008A2BF8 /* GameScene.swift */ = {isa = PBXFileReference; lastKnownFileType = sourcecode.swift; path = GameScene.swift; sourceTree = "<group>"; };
		C37A953526E3A90D008A2BF8 /* ViewController.swift */ = {isa = PBXFileReference; lastKnownFileType = sourcecode.swift; path = ViewController.swift; sourceTree = "<group>"; };
		C37A953726E3A90F008A2BF8 /* Assets.xcassets */ = {isa = PBXFileReference; lastKnownFileType = folder.assetcatalog; path = Assets.xcassets; sourceTree = "<group>"; };
		C37A953A26E3A90F008A2BF8 /* Base */ = {isa = PBXFileReference; lastKnownFileType = file.storyboard; name = Base; path = Base.lproj/Main.storyboard; sourceTree = "<group>"; };
		C37A953C26E3A90F008A2BF8 /* Info.plist */ = {isa = PBXFileReference; lastKnownFileType = text.plist.xml; path = Info.plist; sourceTree = "<group>"; };
		C37A953D26E3A90F008A2BF8 /* BattleCity.entitlements */ = {isa = PBXFileReference; lastKnownFileType = text.plist.entitlements; path = BattleCity.entitlements; sourceTree = "<group>"; };
		C37A954526E3AD42008A2BF8 /* AnotherScene.swift */ = {isa = PBXFileReference; lastKnownFileType = sourcecode.swift; path = AnotherScene.swift; sourceTree = "<group>"; wrapsLines = 0; };
		C37A954D26E3D799008A2BF8 /* Constants.swift */ = {isa = PBXFileReference; lastKnownFileType = sourcecode.swift; path = Constants.swift; sourceTree = "<group>"; };
		C37A955026E3DFD6008A2BF8 /* Levels.swift */ = {isa = PBXFileReference; lastKnownFileType = sourcecode.swift; path = Levels.swift; sourceTree = "<group>"; };
		C37A955626E4B64A008A2BF8 /* Bullet.swift */ = {isa = PBXFileReference; lastKnownFileType = sourcecode.swift; path = Bullet.swift; sourceTree = "<group>"; };
		C37A955926E4BE99008A2BF8 /* Player.swift */ = {isa = PBXFileReference; lastKnownFileType = sourcecode.swift; path = Player.swift; sourceTree = "<group>"; };
		C37A955D26E4DDED008A2BF8 /* Base.swift */ = {isa = PBXFileReference; lastKnownFileType = sourcecode.swift; path = Base.swift; sourceTree = "<group>"; };
		C37A956426E4E08A008A2BF8 /* GameZone.swift */ = {isa = PBXFileReference; lastKnownFileType = sourcecode.swift; path = GameZone.swift; sourceTree = "<group>"; };
		C37F331026EE9937009BC372 /* Utils.swift */ = {isa = PBXFileReference; lastKnownFileType = sourcecode.swift; path = Utils.swift; sourceTree = "<group>"; };
/* End PBXFileReference section */

/* Begin PBXFrameworksBuildPhase section */
		C37A952726E3A90D008A2BF8 /* Frameworks */ = {
			isa = PBXFrameworksBuildPhase;
			buildActionMask = 2147483647;
			files = (
			);
			runOnlyForDeploymentPostprocessing = 0;
		};
/* End PBXFrameworksBuildPhase section */

/* Begin PBXGroup section */
		C37A952126E3A90D008A2BF8 = {
			isa = PBXGroup;
			children = (
				C37A952C26E3A90D008A2BF8 /* BattleCity */,
				C37A952B26E3A90D008A2BF8 /* Products */,
			);
			sourceTree = "<group>";
		};
		C37A952B26E3A90D008A2BF8 /* Products */ = {
			isa = PBXGroup;
			children = (
				C37A952A26E3A90D008A2BF8 /* BattleCity.app */,
			);
			name = Products;
			sourceTree = "<group>";
		};
		C37A952C26E3A90D008A2BF8 /* BattleCity */ = {
			isa = PBXGroup;
			children = (
				C37A952D26E3A90D008A2BF8 /* AppDelegate.swift */,
				C37A953326E3A90D008A2BF8 /* GameScene.swift */,
				C37A954526E3AD42008A2BF8 /* AnotherScene.swift */,
				C37A953526E3A90D008A2BF8 /* ViewController.swift */,
				C37A953726E3A90F008A2BF8 /* Assets.xcassets */,
				C37A953926E3A90F008A2BF8 /* Main.storyboard */,
				C37A953C26E3A90F008A2BF8 /* Info.plist */,
				C37A953D26E3A90F008A2BF8 /* BattleCity.entitlements */,
				C37A954D26E3D799008A2BF8 /* Constants.swift */,
				C37A955026E3DFD6008A2BF8 /* Levels.swift */,
				C37A955626E4B64A008A2BF8 /* Bullet.swift */,
				C37A955926E4BE99008A2BF8 /* Player.swift */,
				C37A955D26E4DDED008A2BF8 /* Base.swift */,
				C37A956426E4E08A008A2BF8 /* GameZone.swift */,
				C31FC98226E7E4E900077903 /* WallNode.swift */,
				C31FC98526E7FF2D00077903 /* Enemy.swift */,
				C37F331026EE9937009BC372 /* Utils.swift */,
			);
			path = BattleCity;
			sourceTree = "<group>";
		};
/* End PBXGroup section */

/* Begin PBXNativeTarget section */
		C37A952926E3A90D008A2BF8 /* BattleCity */ = {
			isa = PBXNativeTarget;
			buildConfigurationList = C37A954026E3A90F008A2BF8 /* Build configuration list for PBXNativeTarget "BattleCity" */;
			buildPhases = (
				C37A952626E3A90D008A2BF8 /* Sources */,
				C37A952726E3A90D008A2BF8 /* Frameworks */,
				C37A952826E3A90D008A2BF8 /* Resources */,
			);
			buildRules = (
			);
			dependencies = (
			);
			name = BattleCity;
			productName = BattleCity;
			productReference = C37A952A26E3A90D008A2BF8 /* BattleCity.app */;
			productType = "com.apple.product-type.application";
		};
/* End PBXNativeTarget section */

/* Begin PBXProject section */
		C37A952226E3A90D008A2BF8 /* Project object */ = {
			isa = PBXProject;
			attributes = {
				LastSwiftUpdateCheck = 1240;
				LastUpgradeCheck = 1240;
				TargetAttributes = {
					C37A952926E3A90D008A2BF8 = {
						CreatedOnToolsVersion = 12.4;
					};
				};
			};
			buildConfigurationList = C37A952526E3A90D008A2BF8 /* Build configuration list for PBXProject "BattleCity" */;
			compatibilityVersion = "Xcode 9.3";
			developmentRegion = en;
			hasScannedForEncodings = 0;
			knownRegions = (
				en,
				Base,
			);
			mainGroup = C37A952126E3A90D008A2BF8;
			productRefGroup = C37A952B26E3A90D008A2BF8 /* Products */;
			projectDirPath = "";
			projectRoot = "";
			targets = (
				C37A952926E3A90D008A2BF8 /* BattleCity */,
			);
		};
/* End PBXProject section */

/* Begin PBXResourcesBuildPhase section */
		C37A952826E3A90D008A2BF8 /* Resources */ = {
			isa = PBXResourcesBuildPhase;
			buildActionMask = 2147483647;
			files = (
				C37A953826E3A90F008A2BF8 /* Assets.xcassets in Resources */,
				C37A953B26E3A90F008A2BF8 /* Main.storyboard in Resources */,
			);
			runOnlyForDeploymentPostprocessing = 0;
		};
/* End PBXResourcesBuildPhase section */

/* Begin PBXSourcesBuildPhase section */
		C37A952626E3A90D008A2BF8 /* Sources */ = {
			isa = PBXSourcesBuildPhase;
			buildActionMask = 2147483647;
			files = (
				C37A955126E3DFD6008A2BF8 /* Levels.swift in Sources */,
				C31FC98326E7E4E900077903 /* WallNode.swift in Sources */,
				C37A954E26E3D799008A2BF8 /* Constants.swift in Sources */,
				C37A954626E3AD42008A2BF8 /* AnotherScene.swift in Sources */,
				C37A953626E3A90D008A2BF8 /* ViewController.swift in Sources */,
				C37F331126EE9937009BC372 /* Utils.swift in Sources */,
				C37A953426E3A90D008A2BF8 /* GameScene.swift in Sources */,
				C37A956526E4E08A008A2BF8 /* GameZone.swift in Sources */,
				C37A952E26E3A90D008A2BF8 /* AppDelegate.swift in Sources */,
				C31FC98626E7FF2D00077903 /* Enemy.swift in Sources */,
				C37A955E26E4DDED008A2BF8 /* Base.swift in Sources */,
				C37A955A26E4BE99008A2BF8 /* Player.swift in Sources */,
				C37A955726E4B64A008A2BF8 /* Bullet.swift in Sources */,
			);
			runOnlyForDeploymentPostprocessing = 0;
		};
/* End PBXSourcesBuildPhase section */

/* Begin PBXVariantGroup section */
		C37A953926E3A90F008A2BF8 /* Main.storyboard */ = {
			isa = PBXVariantGroup;
			children = (
				C37A953A26E3A90F008A2BF8 /* Base */,
			);
			name = Main.storyboard;
			sourceTree = "<group>";
		};
/* End PBXVariantGroup section */

/* Begin XCBuildConfiguration section */
		C37A953E26E3A90F008A2BF8 /* Debug */ = {
			isa = XCBuildConfiguration;
			buildSettings = {
				ALWAYS_SEARCH_USER_PATHS = NO;
				CLANG_ANALYZER_NONNULL = YES;
				CLANG_ANALYZER_NUMBER_OBJECT_CONVERSION = YES_AGGRESSIVE;
				CLANG_CXX_LANGUAGE_STANDARD = "gnu++14";
				CLANG_CXX_LIBRARY = "libc++";
				CLANG_ENABLE_MODULES = YES;
				CLANG_ENABLE_OBJC_ARC = YES;
				CLANG_ENABLE_OBJC_WEAK = YES;
				CLANG_WARN_BLOCK_CAPTURE_AUTORELEASING = YES;
				CLANG_WARN_BOOL_CONVERSION = YES;
				CLANG_WARN_COMMA = YES;
				CLANG_WARN_CONSTANT_CONVERSION = YES;
				CLANG_WARN_DEPRECATED_OBJC_IMPLEMENTATIONS = YES;
				CLANG_WARN_DIRECT_OBJC_ISA_USAGE = YES_ERROR;
				CLANG_WARN_DOCUMENTATION_COMMENTS = YES;
				CLANG_WARN_EMPTY_BODY = YES;
				CLANG_WARN_ENUM_CONVERSION = YES;
				CLANG_WARN_INFINITE_RECURSION = YES;
				CLANG_WARN_INT_CONVERSION = YES;
				CLANG_WARN_NON_LITERAL_NULL_CONVERSION = YES;
				CLANG_WARN_OBJC_IMPLICIT_RETAIN_SELF = YES;
				CLANG_WARN_OBJC_LITERAL_CONVERSION = YES;
				CLANG_WARN_OBJC_ROOT_CLASS = YES_ERROR;
				CLANG_WARN_QUOTED_INCLUDE_IN_FRAMEWORK_HEADER = YES;
				CLANG_WARN_RANGE_LOOP_ANALYSIS = YES;
				CLANG_WARN_STRICT_PROTOTYPES = YES;
				CLANG_WARN_SUSPICIOUS_MOVE = YES;
				CLANG_WARN_UNGUARDED_AVAILABILITY = YES_AGGRESSIVE;
				CLANG_WARN_UNREACHABLE_CODE = YES;
				CLANG_WARN__DUPLICATE_METHOD_MATCH = YES;
				COPY_PHASE_STRIP = NO;
				DEBUG_INFORMATION_FORMAT = dwarf;
				ENABLE_STRICT_OBJC_MSGSEND = YES;
				ENABLE_TESTABILITY = YES;
				GCC_C_LANGUAGE_STANDARD = gnu11;
				GCC_DYNAMIC_NO_PIC = NO;
				GCC_NO_COMMON_BLOCKS = YES;
				GCC_OPTIMIZATION_LEVEL = 0;
				GCC_PREPROCESSOR_DEFINITIONS = (
					"DEBUG=1",
					"$(inherited)",
				);
				GCC_WARN_64_TO_32_BIT_CONVERSION = YES;
				GCC_WARN_ABOUT_RETURN_TYPE = YES_ERROR;
				GCC_WARN_UNDECLARED_SELECTOR = YES;
				GCC_WARN_UNINITIALIZED_AUTOS = YES_AGGRESSIVE;
				GCC_WARN_UNUSED_FUNCTION = YES;
				GCC_WARN_UNUSED_VARIABLE = YES;
				MACOSX_DEPLOYMENT_TARGET = 11.1;
				MTL_ENABLE_DEBUG_INFO = INCLUDE_SOURCE;
				MTL_FAST_MATH = YES;
				ONLY_ACTIVE_ARCH = YES;
				SDKROOT = macosx;
				SWIFT_ACTIVE_COMPILATION_CONDITIONS = DEBUG;
				SWIFT_OPTIMIZATION_LEVEL = "-Onone";
			};
			name = Debug;
		};
		C37A953F26E3A90F008A2BF8 /* Release */ = {
			isa = XCBuildConfiguration;
			buildSettings = {
				ALWAYS_SEARCH_USER_PATHS = NO;
				CLANG_ANALYZER_NONNULL = YES;
				CLANG_ANALYZER_NUMBER_OBJECT_CONVERSION = YES_AGGRESSIVE;
				CLANG_CXX_LANGUAGE_STANDARD = "gnu++14";
				CLANG_CXX_LIBRARY = "libc++";
				CLANG_ENABLE_MODULES = YES;
				CLANG_ENABLE_OBJC_ARC = YES;
				CLANG_ENABLE_OBJC_WEAK = YES;
				CLANG_WARN_BLOCK_CAPTURE_AUTORELEASING = YES;
				CLANG_WARN_BOOL_CONVERSION = YES;
				CLANG_WARN_COMMA = YES;
				CLANG_WARN_CONSTANT_CONVERSION = YES;
				CLANG_WARN_DEPRECATED_OBJC_IMPLEMENTATIONS = YES;
				CLANG_WARN_DIRECT_OBJC_ISA_USAGE = YES_ERROR;
				CLANG_WARN_DOCUMENTATION_COMMENTS = YES;
				CLANG_WARN_EMPTY_BODY = YES;
				CLANG_WARN_ENUM_CONVERSION = YES;
				CLANG_WARN_INFINITE_RECURSION = YES;
				CLANG_WARN_INT_CONVERSION = YES;
				CLANG_WARN_NON_LITERAL_NULL_CONVERSION = YES;
				CLANG_WARN_OBJC_IMPLICIT_RETAIN_SELF = YES;
				CLANG_WARN_OBJC_LITERAL_CONVERSION = YES;
				CLANG_WARN_OBJC_ROOT_CLASS = YES_ERROR;
				CLANG_WARN_QUOTED_INCLUDE_IN_FRAMEWORK_HEADER = YES;
				CLANG_WARN_RANGE_LOOP_ANALYSIS = YES;
				CLANG_WARN_STRICT_PROTOTYPES = YES;
				CLANG_WARN_SUSPICIOUS_MOVE = YES;
				CLANG_WARN_UNGUARDED_AVAILABILITY = YES_AGGRESSIVE;
				CLANG_WARN_UNREACHABLE_CODE = YES;
				CLANG_WARN__DUPLICATE_METHOD_MATCH = YES;
				COPY_PHASE_STRIP = NO;
				DEBUG_INFORMATION_FORMAT = "dwarf-with-dsym";
				ENABLE_NS_ASSERTIONS = NO;
				ENABLE_STRICT_OBJC_MSGSEND = YES;
				GCC_C_LANGUAGE_STANDARD = gnu11;
				GCC_NO_COMMON_BLOCKS = YES;
				GCC_WARN_64_TO_32_BIT_CONVERSION = YES;
				GCC_WARN_ABOUT_RETURN_TYPE = YES_ERROR;
				GCC_WARN_UNDECLARED_SELECTOR = YES;
				GCC_WARN_UNINITIALIZED_AUTOS = YES_AGGRESSIVE;
				GCC_WARN_UNUSED_FUNCTION = YES;
				GCC_WARN_UNUSED_VARIABLE = YES;
				MACOSX_DEPLOYMENT_TARGET = 11.1;
				MTL_ENABLE_DEBUG_INFO = NO;
				MTL_FAST_MATH = YES;
				SDKROOT = macosx;
				SWIFT_COMPILATION_MODE = wholemodule;
				SWIFT_OPTIMIZATION_LEVEL = "-O";
			};
			name = Release;
		};
		C37A954126E3A90F008A2BF8 /* Debug */ = {
			isa = XCBuildConfiguration;
			buildSettings = {
				ASSETCATALOG_COMPILER_APPICON_NAME = AppIcon;
				ASSETCATALOG_COMPILER_GLOBAL_ACCENT_COLOR_NAME = AccentColor;
				CODE_SIGN_ENTITLEMENTS = BattleCity/BattleCity.entitlements;
				CODE_SIGN_STYLE = Automatic;
				COMBINE_HIDPI_IMAGES = YES;
				DEVELOPMENT_TEAM = JSU3274V26;
				ENABLE_HARDENED_RUNTIME = YES;
				INFOPLIST_FILE = BattleCity/Info.plist;
				LD_RUNPATH_SEARCH_PATHS = (
					"$(inherited)",
					"@executable_path/../Frameworks",
				);
				PRODUCT_BUNDLE_IDENTIFIER = com.dariiagrim.BattleCity;
				PRODUCT_NAME = "$(TARGET_NAME)";
				SWIFT_VERSION = 5.0;
			};
			name = Debug;
		};
		C37A954226E3A90F008A2BF8 /* Release */ = {
			isa = XCBuildConfiguration;
			buildSettings = {
				ASSETCATALOG_COMPILER_APPICON_NAME = AppIcon;
				ASSETCATALOG_COMPILER_GLOBAL_ACCENT_COLOR_NAME = AccentColor;
				CODE_SIGN_ENTITLEMENTS = BattleCity/BattleCity.entitlements;
				CODE_SIGN_STYLE = Automatic;
				COMBINE_HIDPI_IMAGES = YES;
				DEVELOPMENT_TEAM = JSU3274V26;
				ENABLE_HARDENED_RUNTIME = YES;
				INFOPLIST_FILE = BattleCity/Info.plist;
				LD_RUNPATH_SEARCH_PATHS = (
					"$(inherited)",
					"@executable_path/../Frameworks",
				);
				PRODUCT_BUNDLE_IDENTIFIER = com.dariiagrim.BattleCity;
				PRODUCT_NAME = "$(TARGET_NAME)";
				SWIFT_VERSION = 5.0;
			};
			name = Release;
		};
/* End XCBuildConfiguration section */

/* Begin XCConfigurationList section */
		C37A952526E3A90D008A2BF8 /* Build configuration list for PBXProject "BattleCity" */ = {
			isa = XCConfigurationList;
			buildConfigurations = (
				C37A953E26E3A90F008A2BF8 /* Debug */,
				C37A953F26E3A90F008A2BF8 /* Release */,
			);
			defaultConfigurationIsVisible = 0;
			defaultConfigurationName = Release;
		};
		C37A954026E3A90F008A2BF8 /* Build configuration list for PBXNativeTarget "BattleCity" */ = {
			isa = XCConfigurationList;
			buildConfigurations = (
				C37A954126E3A90F008A2BF8 /* Debug */,
				C37A954226E3A90F008A2BF8 /* Release */,
			);
			defaultConfigurationIsVisible = 0;
			defaultConfigurationName = Release;
		};
/* End XCConfigurationList section */
	};
	rootObject = C37A952226E3A90D008A2BF8 /* Project object */;
}
